
Microsoft Visual Studio Solution File, Format Version 12.00
# Visual Studio 15
VisualStudioVersion = 15.0.27703.2018
MinimumVisualStudioVersion = 10.0.40219.1
Project("{FAE04EC0-301F-11D3-BF4B-00C04F79EFBC}") = "Loader Files", "Loader Files.csproj", "{2777EEC6-9759-4813-961C-116C56632010}"
EndProject
Global
	GlobalSection(SolutionConfigurationPlatforms) = preSolution
		Debug|Any CPU = Debug|Any CPU
		Release|Any CPU = Release|Any CPU
	EndGlobalSection
	GlobalSection(ProjectConfigurationPlatforms) = postSolution
		{2777EEC6-9759-4813-961C-116C56632010}.Debug|Any CPU.ActiveCfg = Debug|Any CPU
		{2777EEC6-9759-4813-961C-116C56632010}.Debug|Any CPU.Build.0 = Debug|Any CPU
		{2777EEC6-9759-4813-961C-116C56632010}.Release|Any CPU.ActiveCfg = Release|Any CPU
		{2777EEC6-9759-4813-961C-116C56632010}.Release|Any CPU.Build.0 = Release|Any CPU
	EndGlobalSection
	GlobalSection(SolutionProperties) = preSolution
		HideSolutionNode = FALSE
	EndGlobalSection
	GlobalSection(ExtensibilityGlobals) = postSolution
		SolutionGuid = {411E9B77-E528-4FC4-8C8F-5222A1A0F26E}
	EndGlobalSection
EndGlobal
